// !$*UTF8*$!
{
	archiveVersion = 1;
	classes = {
	};
	objectVersion = 46;
	objects = {

/* Begin PBXBuildFile section */
		18A559CD1D7747FA003685EB /* background.jpeg in Resources */ = {isa = PBXBuildFile; fileRef = 18A559CC1D7747FA003685EB /* background.jpeg */; };
		18BF114A1B0B9068006D819A /* AppDelegate.swift in Sources */ = {isa = PBXBuildFile; fileRef = 18BF11411B0B9068006D819A /* AppDelegate.swift */; };
		18BF114F1B0B9068006D819A /* ViewController.swift in Sources */ = {isa = PBXBuildFile; fileRef = 18BF11481B0B9068006D819A /* ViewController.swift */; };
		18BF11511B0B907A006D819A /* SMIconLabel.swift in Sources */ = {isa = PBXBuildFile; fileRef = 18BF11501B0B907A006D819A /* SMIconLabel.swift */; };
		18BF11521B0B909C006D819A /* LaunchScreen.xib in Resources */ = {isa = PBXBuildFile; fileRef = 18BF11421B0B9068006D819A /* LaunchScreen.xib */; };
		18BF11531B0B909C006D819A /* Main.storyboard in Resources */ = {isa = PBXBuildFile; fileRef = 18BF11441B0B9068006D819A /* Main.storyboard */; };
		18BF11541B0B909C006D819A /* Images.xcassets in Resources */ = {isa = PBXBuildFile; fileRef = 18BF11461B0B9068006D819A /* Images.xcassets */; };
		18DF43E81B21B281002EBCD3 /* screenshot.png in Resources */ = {isa = PBXBuildFile; fileRef = 18DF43E71B21B281002EBCD3 /* screenshot.png */; };
/* End PBXBuildFile section */

/* Begin PBXFileReference section */
		18A559CC1D7747FA003685EB /* background.jpeg */ = {isa = PBXFileReference; lastKnownFileType = image.jpeg; path = background.jpeg; sourceTree = "<group>"; };
		18BF111B1B0B902E006D819A /* SMIconLabel.app */ = {isa = PBXFileReference; explicitFileType = wrapper.application; includeInIndex = 0; path = SMIconLabel.app; sourceTree = BUILT_PRODUCTS_DIR; };
		18BF11411B0B9068006D819A /* AppDelegate.swift */ = {isa = PBXFileReference; fileEncoding = 4; lastKnownFileType = sourcecode.swift; path = AppDelegate.swift; sourceTree = "<group>"; };
		18BF11431B0B9068006D819A /* Base */ = {isa = PBXFileReference; lastKnownFileType = file.xib; name = Base; path = Base.lproj/LaunchScreen.xib; sourceTree = "<group>"; };
		18BF11451B0B9068006D819A /* Base */ = {isa = PBXFileReference; lastKnownFileType = file.storyboard; name = Base; path = Base.lproj/Main.storyboard; sourceTree = "<group>"; };
		18BF11461B0B9068006D819A /* Images.xcassets */ = {isa = PBXFileReference; lastKnownFileType = folder.assetcatalog; path = Images.xcassets; sourceTree = "<group>"; };
		18BF11471B0B9068006D819A /* Info.plist */ = {isa = PBXFileReference; fileEncoding = 4; lastKnownFileType = text.plist.xml; path = Info.plist; sourceTree = "<group>"; };
		18BF11481B0B9068006D819A /* ViewController.swift */ = {isa = PBXFileReference; fileEncoding = 4; lastKnownFileType = sourcecode.swift; path = ViewController.swift; sourceTree = "<group>"; };
		18BF11501B0B907A006D819A /* SMIconLabel.swift */ = {isa = PBXFileReference; fileEncoding = 4; lastKnownFileType = sourcecode.swift; path = SMIconLabel.swift; sourceTree = "<group>"; };
		18DF43E71B21B281002EBCD3 /* screenshot.png */ = {isa = PBXFileReference; lastKnownFileType = image.png; path = screenshot.png; sourceTree = "<group>"; };
/* End PBXFileReference section */

/* Begin PBXFrameworksBuildPhase section */
		18BF11181B0B902E006D819A /* Frameworks */ = {
			isa = PBXFrameworksBuildPhase;
			buildActionMask = 2147483647;
			files = (
			);
			runOnlyForDeploymentPostprocessing = 0;
		};
/* End PBXFrameworksBuildPhase section */

/* Begin PBXGroup section */
		18BF11121B0B902E006D819A = {
			isa = PBXGroup;
			children = (
				18BF11401B0B9068006D819A /* Main */,
				18BF11491B0B9068006D819A /* SMIconLabel */,
				18BF111C1B0B902E006D819A /* Products */,
			);
			sourceTree = "<group>";
		};
		18BF111C1B0B902E006D819A /* Products */ = {
			isa = PBXGroup;
			children = (
				18BF111B1B0B902E006D819A /* SMIconLabel.app */,
			);
			name = Products;
			sourceTree = "<group>";
		};
		18BF11401B0B9068006D819A /* Main */ = {
			isa = PBXGroup;
			children = (
				18BF11411B0B9068006D819A /* AppDelegate.swift */,
				18BF11421B0B9068006D819A /* LaunchScreen.xib */,
				18BF11441B0B9068006D819A /* Main.storyboard */,
				18BF11461B0B9068006D819A /* Images.xcassets */,
				18BF11471B0B9068006D819A /* Info.plist */,
				18BF11481B0B9068006D819A /* ViewController.swift */,
				18DF43E71B21B281002EBCD3 /* screenshot.png */,
				18A559CC1D7747FA003685EB /* background.jpeg */,
			);
			path = Main;
			sourceTree = "<group>";
		};
		18BF11491B0B9068006D819A /* SMIconLabel */ = {
			isa = PBXGroup;
			children = (
				18BF11501B0B907A006D819A /* SMIconLabel.swift */,
			);
			path = SMIconLabel;
			sourceTree = "<group>";
		};
/* End PBXGroup section */

/* Begin PBXNativeTarget section */
		18BF111A1B0B902E006D819A /* SMIconLabel */ = {
			isa = PBXNativeTarget;
			buildConfigurationList = 18BF113A1B0B902F006D819A /* Build configuration list for PBXNativeTarget "SMIconLabel" */;
			buildPhases = (
				18BF11171B0B902E006D819A /* Sources */,
				18BF11181B0B902E006D819A /* Frameworks */,
				18BF11191B0B902E006D819A /* Resources */,
			);
			buildRules = (
			);
			dependencies = (
			);
			name = SMIconLabel;
			productName = SMIconLabel;
			productReference = 18BF111B1B0B902E006D819A /* SMIconLabel.app */;
			productType = "com.apple.product-type.application";
		};
/* End PBXNativeTarget section */

/* Begin PBXProject section */
		18BF11131B0B902E006D819A /* Project object */ = {
			isa = PBXProject;
			attributes = {
				LastSwiftUpdateCheck = 0730;
				LastUpgradeCheck = 1010;
				ORGANIZATIONNAME = Smartarium.com;
				TargetAttributes = {
					18BF111A1B0B902E006D819A = {
						CreatedOnToolsVersion = 6.3.1;
						DevelopmentTeam = 9L5HVACJ6D;
						LastSwiftMigration = 0800;
					};
				};
			};
			buildConfigurationList = 18BF11161B0B902E006D819A /* Build configuration list for PBXProject "SMIconLabel" */;
			compatibilityVersion = "Xcode 3.2";
			developmentRegion = English;
			hasScannedForEncodings = 0;
			knownRegions = (
				en,
				Base,
			);
			mainGroup = 18BF11121B0B902E006D819A;
			productRefGroup = 18BF111C1B0B902E006D819A /* Products */;
			projectDirPath = "";
			projectRoot = "";
			targets = (
				18BF111A1B0B902E006D819A /* SMIconLabel */,
			);
		};
/* End PBXProject section */

/* Begin PBXResourcesBuildPhase section */
		18BF11191B0B902E006D819A /* Resources */ = {
			isa = PBXResourcesBuildPhase;
			buildActionMask = 2147483647;
			files = (
				18BF11521B0B909C006D819A /* LaunchScreen.xib in Resources */,
				18BF11531B0B909C006D819A /* Main.storyboard in Resources */,
				18BF11541B0B909C006D819A /* Images.xcassets in Resources */,
				18DF43E81B21B281002EBCD3 /* screenshot.png in Resources */,
				18A559CD1D7747FA003685EB /* background.jpeg in Resources */,
			);
			runOnlyForDeploymentPostprocessing = 0;
		};
/* End PBXResourcesBuildPhase section */

/* Begin PBXSourcesBuildPhase section */
		18BF11171B0B902E006D819A /* Sources */ = {
			isa = PBXSourcesBuildPhase;
			buildActionMask = 2147483647;
			files = (
				18BF11511B0B907A006D819A /* SMIconLabel.swift in Sources */,
				18BF114F1B0B9068006D819A /* ViewController.swift in Sources */,
				18BF114A1B0B9068006D819A /* AppDelegate.swift in Sources */,
			);
			runOnlyForDeploymentPostprocessing = 0;
		};
/* End PBXSourcesBuildPhase section */

/* Begin PBXVariantGroup section */
		18BF11421B0B9068006D819A /* LaunchScreen.xib */ = {
			isa = PBXVariantGroup;
			children = (
				18BF11431B0B9068006D819A /* Base */,
			);
			name = LaunchScreen.xib;
			sourceTree = "<group>";
		};
		18BF11441B0B9068006D819A /* Main.storyboard */ = {
			isa = PBXVariantGroup;
			children = (
				18BF11451B0B9068006D819A /* Base */,
			);
			name = Main.storyboard;
			sourceTree = "<group>";
		};
/* End PBXVariantGroup section */

/* Begin XCBuildConfiguration section */
		18BF11381B0B902F006D819A /* Debug */ = {
			isa = XCBuildConfiguration;
			buildSettings = {
				ALWAYS_SEARCH_USER_PATHS = NO;
				CLANG_CXX_LANGUAGE_STANDARD = "gnu++0x";
				CLANG_CXX_LIBRARY = "libc++";
				CLANG_ENABLE_MODULES = YES;
				CLANG_ENABLE_OBJC_ARC = YES;
				CLANG_WARN_BLOCK_CAPTURE_AUTORELEASING = YES;
				CLANG_WARN_BOOL_CONVERSION = YES;
				CLANG_WARN_COMMA = YES;
				CLANG_WARN_CONSTANT_CONVERSION = YES;
				CLANG_WARN_DEPRECATED_OBJC_IMPLEMENTATIONS = YES;
				CLANG_WARN_DIRECT_OBJC_ISA_USAGE = YES_ERROR;
				CLANG_WARN_EMPTY_BODY = YES;
				CLANG_WARN_ENUM_CONVERSION = YES;
				CLANG_WARN_INFINITE_RECURSION = YES;
				CLANG_WARN_INT_CONVERSION = YES;
				CLANG_WARN_NON_LITERAL_NULL_CONVERSION = YES;
				CLANG_WARN_OBJC_IMPLICIT_RETAIN_SELF = YES;
				CLANG_WARN_OBJC_LITERAL_CONVERSION = YES;
				CLANG_WARN_OBJC_ROOT_CLASS = YES_ERROR;
				CLANG_WARN_RANGE_LOOP_ANALYSIS = YES;
				CLANG_WARN_STRICT_PROTOTYPES = YES;
				CLANG_WARN_SUSPICIOUS_MOVE = YES;
				CLANG_WARN_UNREACHABLE_CODE = YES;
				CLANG_WARN__DUPLICATE_METHOD_MATCH = YES;
				"CODE_SIGN_IDENTITY[sdk=iphoneos*]" = "iPhone Developer";
				COPY_PHASE_STRIP = NO;
				DEBUG_INFORMATION_FORMAT = "dwarf-with-dsym";
				ENABLE_STRICT_OBJC_MSGSEND = YES;
				ENABLE_TESTABILITY = YES;
				GCC_C_LANGUAGE_STANDARD = gnu99;
				GCC_DYNAMIC_NO_PIC = NO;
				GCC_NO_COMMON_BLOCKS = YES;
				GCC_OPTIMIZATION_LEVEL = 0;
				GCC_PREPROCESSOR_DEFINITIONS = (
					"DEBUG=1",
					"$(inherited)",
				);
				GCC_SYMBOLS_PRIVATE_EXTERN = NO;
				GCC_WARN_64_TO_32_BIT_CONVERSION = YES;
				GCC_WARN_ABOUT_RETURN_TYPE = YES_ERROR;
				GCC_WARN_UNDECLARED_SELECTOR = YES;
				GCC_WARN_UNINITIALIZED_AUTOS = YES_AGGRESSIVE;
				GCC_WARN_UNUSED_FUNCTION = YES;
				GCC_WARN_UNUSED_VARIABLE = YES;
				IPHONEOS_DEPLOYMENT_TARGET = 8.0;
				MTL_ENABLE_DEBUG_INFO = YES;
				ONLY_ACTIVE_ARCH = YES;
				SDKROOT = iphoneos;
				SWIFT_OPTIMIZATION_LEVEL = "-Onone";
				SWIFT_VERSION = 4.0;
				TARGETED_DEVICE_FAMILY = "1,2";
			};
			name = Debug;
		};
		18BF11391B0B902F006D819A /* Release */ = {
			isa = XCBuildConfiguration;
			buildSettings = {
				ALWAYS_SEARCH_USER_PATHS = NO;
				CLANG_CXX_LANGUAGE_STANDARD = "gnu++0x";
				CLANG_CXX_LIBRARY = "libc++";
				CLANG_ENABLE_MODULES = YES;
				CLANG_ENABLE_OBJC_ARC = YES;
				CLANG_WARN_BLOCK_CAPTURE_AUTORELEASING = YES;
				CLANG_WARN_BOOL_CONVERSION = YES;
				CLANG_WARN_COMMA = YES;
				CLANG_WARN_CONSTANT_CONVERSION = YES;
				CLANG_WARN_DEPRECATED_OBJC_IMPLEMENTATIONS = YES;
				CLANG_WARN_DIRECT_OBJC_ISA_USAGE = YES_ERROR;
				CLANG_WARN_EMPTY_BODY = YES;
				CLANG_WARN_ENUM_CONVERSION = YES;
				CLANG_WARN_INFINITE_RECURSION = YES;
				CLANG_WARN_INT_CONVERSION = YES;
				CLANG_WARN_NON_LITERAL_NULL_CONVERSION = YES;
				CLANG_WARN_OBJC_IMPLICIT_RETAIN_SELF = YES;
				CLANG_WARN_OBJC_LITERAL_CONVERSION = YES;
				CLANG_WARN_OBJC_ROOT_CLASS = YES_ERROR;
				CLANG_WARN_RANGE_LOOP_ANALYSIS = YES;
				CLANG_WARN_STRICT_PROTOTYPES = YES;
				CLANG_WARN_SUSPICIOUS_MOVE = YES;
				CLANG_WARN_UNREACHABLE_CODE = YES;
				CLANG_WARN__DUPLICATE_METHOD_MATCH = YES;
				"CODE_SIGN_IDENTITY[sdk=iphoneos*]" = "iPhone Developer";
				COPY_PHASE_STRIP = NO;
				DEBUG_INFORMATION_FORMAT = "dwarf-with-dsym";
				ENABLE_NS_ASSERTIONS = NO;
				ENABLE_STRICT_OBJC_MSGSEND = YES;
				GCC_C_LANGUAGE_STANDARD = gnu99;
				GCC_NO_COMMON_BLOCKS = YES;
				GCC_WARN_64_TO_32_BIT_CONVERSION = YES;
				GCC_WARN_ABOUT_RETURN_TYPE = YES_ERROR;
				GCC_WARN_UNDECLARED_SELECTOR = YES;
				GCC_WARN_UNINITIALIZED_AUTOS = YES_AGGRESSIVE;
				GCC_WARN_UNUSED_FUNCTION = YES;
				GCC_WARN_UNUSED_VARIABLE = YES;
				IPHONEOS_DEPLOYMENT_TARGET = 8.0;
				MTL_ENABLE_DEBUG_INFO = NO;
				SDKROOT = iphoneos;
				SWIFT_OPTIMIZATION_LEVEL = "-Owholemodule";
				SWIFT_VERSION = 4.0;
				TARGETED_DEVICE_FAMILY = "1,2";
				VALIDATE_PRODUCT = YES;
			};
			name = Release;
		};
		18BF113B1B0B902F006D819A /* Debug */ = {
			isa = XCBuildConfiguration;
			buildSettings = {
				ASSETCATALOG_COMPILER_APPICON_NAME = AppIcon;
				DEVELOPMENT_TEAM = 9L5HVACJ6D;
				INFOPLIST_FILE = "$(SRCROOT)/Main/Info.plist";
				IPHONEOS_DEPLOYMENT_TARGET = 8.0;
				LD_RUNPATH_SEARCH_PATHS = "$(inherited) @executable_path/Frameworks";
				PRODUCT_BUNDLE_IDENTIFIER = "com.smartarium.$(PRODUCT_NAME:rfc1034identifier)";
				PRODUCT_NAME = "$(TARGET_NAME)";
				SWIFT_VERSION = 4.0;
			};
			name = Debug;
		};
		18BF113C1B0B902F006D819A /* Release */ = {
			isa = XCBuildConfiguration;
			buildSettings = {
				ASSETCATALOG_COMPILER_APPICON_NAME = AppIcon;
				DEVELOPMENT_TEAM = 9L5HVACJ6D;
				INFOPLIST_FILE = "$(SRCROOT)/Main/Info.plist";
				IPHONEOS_DEPLOYMENT_TARGET = 8.0;
				LD_RUNPATH_SEARCH_PATHS = "$(inherited) @executable_path/Frameworks";
				PRODUCT_BUNDLE_IDENTIFIER = "com.smartarium.$(PRODUCT_NAME:rfc1034identifier)";
				PRODUCT_NAME = "$(TARGET_NAME)";
				SWIFT_VERSION = 4.0;
			};
			name = Release;
		};
/* End XCBuildConfiguration section */

/* Begin XCConfigurationList section */
		18BF11161B0B902E006D819A /* Build configuration list for PBXProject "SMIconLabel" */ = {
			isa = XCConfigurationList;
			buildConfigurations = (
				18BF11381B0B902F006D819A /* Debug */,
				18BF11391B0B902F006D819A /* Release */,
			);
			defaultConfigurationIsVisible = 0;
			defaultConfigurationName = Release;
		};
		18BF113A1B0B902F006D819A /* Build configuration list for PBXNativeTarget "SMIconLabel" */ = {
			isa = XCConfigurationList;
			buildConfigurations = (
				18BF113B1B0B902F006D819A /* Debug */,
				18BF113C1B0B902F006D819A /* Release */,
			);
			defaultConfigurationIsVisible = 0;
			defaultConfigurationName = Release;
		};
/* End XCConfigurationList section */
	};
	rootObject = 18BF11131B0B902E006D819A /* Project object */;
}
